
Microsoft Visual Studio Solution File, Format Version 12.00
# Visual Studio Version 17
VisualStudioVersion = 17.6.33723.286
MinimumVisualStudioVersion = 10.0.40219.1
Project("{FAE04EC0-301F-11D3-BF4B-00C04F79EFBC}") = "ImageUpload", "ImageUpload.csproj", "{0C115A3F-8E1A-433C-AF1D-6CFBC7E5536F}"
EndProject
Global
	GlobalSection(SolutionConfigurationPlatforms) = preSolution
		Debug|Any CPU = Debug|Any CPU
		Release|Any CPU = Release|Any CPU
	EndGlobalSection
	GlobalSection(ProjectConfigurationPlatforms) = postSolution
		{0C115A3F-8E1A-433C-AF1D-6CFBC7E5536F}.Debug|Any CPU.ActiveCfg = Debug|Any CPU
		{0C115A3F-8E1A-433C-AF1D-6CFBC7E5536F}.Debug|Any CPU.Build.0 = Debug|Any CPU
		{0C115A3F-8E1A-433C-AF1D-6CFBC7E5536F}.Release|Any CPU.ActiveCfg = Release|Any CPU
		{0C115A3F-8E1A-433C-AF1D-6CFBC7E5536F}.Release|Any CPU.Build.0 = Release|Any CPU
	EndGlobalSection
	GlobalSection(SolutionProperties) = preSolution
		HideSolutionNode = FALSE
	EndGlobalSection
	GlobalSection(ExtensibilityGlobals) = postSolution
		SolutionGuid = {39DE43D0-6867-4B85-8C91-28FD9B16A1A3}
	EndGlobalSection
EndGlobal
